// !$*UTF8*$!
{
	archiveVersion = 1;
	classes = {
	};
	objectVersion = 48;
	objects = {

/* Begin PBXBuildFile section */
		442618441FE02E1A003DBD74 /* AppDelegate.swift in Sources */ = {isa = PBXBuildFile; fileRef = 442618431FE02E1A003DBD74 /* AppDelegate.swift */; };
		442618461FE02E1A003DBD74 /* ViewController.swift in Sources */ = {isa = PBXBuildFile; fileRef = 442618451FE02E1A003DBD74 /* ViewController.swift */; };
		442618491FE02E1A003DBD74 /* Main.storyboard in Resources */ = {isa = PBXBuildFile; fileRef = 442618471FE02E1A003DBD74 /* Main.storyboard */; };
		4426184B1FE02E1A003DBD74 /* Assets.xcassets in Resources */ = {isa = PBXBuildFile; fileRef = 4426184A1FE02E1A003DBD74 /* Assets.xcassets */; };
		4426184E1FE02E1A003DBD74 /* LaunchScreen.storyboard in Resources */ = {isa = PBXBuildFile; fileRef = 4426184C1FE02E1A003DBD74 /* LaunchScreen.storyboard */; };
		442618571FE187C6003DBD74 /* Card.swift in Sources */ = {isa = PBXBuildFile; fileRef = 442618561FE187C6003DBD74 /* Card.swift */; };
		442618591FE187D2003DBD74 /* Concetration.swift in Sources */ = {isa = PBXBuildFile; fileRef = 442618581FE187D2003DBD74 /* Concetration.swift */; };
/* End PBXBuildFile section */

/* Begin PBXFileReference section */
		442618401FE02E19003DBD74 /* Concentration2.app */ = {isa = PBXFileReference; explicitFileType = wrapper.application; includeInIndex = 0; path = Concentration2.app; sourceTree = BUILT_PRODUCTS_DIR; };
		442618431FE02E1A003DBD74 /* AppDelegate.swift */ = {isa = PBXFileReference; lastKnownFileType = sourcecode.swift; path = AppDelegate.swift; sourceTree = "<group>"; };
		442618451FE02E1A003DBD74 /* ViewController.swift */ = {isa = PBXFileReference; lastKnownFileType = sourcecode.swift; path = ViewController.swift; sourceTree = "<group>"; };
		442618481FE02E1A003DBD74 /* Base */ = {isa = PBXFileReference; lastKnownFileType = file.storyboard; name = Base; path = Base.lproj/Main.storyboard; sourceTree = "<group>"; };
		4426184A1FE02E1A003DBD74 /* Assets.xcassets */ = {isa = PBXFileReference; lastKnownFileType = folder.assetcatalog; path = Assets.xcassets; sourceTree = "<group>"; };
		4426184D1FE02E1A003DBD74 /* Base */ = {isa = PBXFileReference; lastKnownFileType = file.storyboard; name = Base; path = Base.lproj/LaunchScreen.storyboard; sourceTree = "<group>"; };
		4426184F1FE02E1A003DBD74 /* Info.plist */ = {isa = PBXFileReference; lastKnownFileType = text.plist.xml; path = Info.plist; sourceTree = "<group>"; };
		442618561FE187C6003DBD74 /* Card.swift */ = {isa = PBXFileReference; lastKnownFileType = sourcecode.swift; path = Card.swift; sourceTree = "<group>"; };
		442618581FE187D2003DBD74 /* Concetration.swift */ = {isa = PBXFileReference; lastKnownFileType = sourcecode.swift; path = Concetration.swift; sourceTree = "<group>"; };
/* End PBXFileReference section */

/* Begin PBXFrameworksBuildPhase section */
		4426183D1FE02E19003DBD74 /* Frameworks */ = {
			isa = PBXFrameworksBuildPhase;
			buildActionMask = 2147483647;
			files = (
			);
			runOnlyForDeploymentPostprocessing = 0;
		};
/* End PBXFrameworksBuildPhase section */

/* Begin PBXGroup section */
		442618371FE02E19003DBD74 = {
			isa = PBXGroup;
			children = (
				442618421FE02E19003DBD74 /* Concentration2 */,
				442618411FE02E19003DBD74 /* Products */,
			);
			sourceTree = "<group>";
		};
		442618411FE02E19003DBD74 /* Products */ = {
			isa = PBXGroup;
			children = (
				442618401FE02E19003DBD74 /* Concentration2.app */,
			);
			name = Products;
			sourceTree = "<group>";
		};
		442618421FE02E19003DBD74 /* Concentration2 */ = {
			isa = PBXGroup;
			children = (
				442618551FE02E49003DBD74 /* Support files */,
				442618451FE02E1A003DBD74 /* ViewController.swift */,
				442618561FE187C6003DBD74 /* Card.swift */,
				442618581FE187D2003DBD74 /* Concetration.swift */,
				442618471FE02E1A003DBD74 /* Main.storyboard */,
				4426184F1FE02E1A003DBD74 /* Info.plist */,
			);
			path = Concentration2;
			sourceTree = "<group>";
		};
		442618551FE02E49003DBD74 /* Support files */ = {
			isa = PBXGroup;
			children = (
				442618431FE02E1A003DBD74 /* AppDelegate.swift */,
				4426184A1FE02E1A003DBD74 /* Assets.xcassets */,
				4426184C1FE02E1A003DBD74 /* LaunchScreen.storyboard */,
			);
			path = "Support files";
			sourceTree = "<group>";
		};
/* End PBXGroup section */

/* Begin PBXNativeTarget section */
		4426183F1FE02E19003DBD74 /* Concentration2 */ = {
			isa = PBXNativeTarget;
			buildConfigurationList = 442618521FE02E1A003DBD74 /* Build configuration list for PBXNativeTarget "Concentration2" */;
			buildPhases = (
				4426183C1FE02E19003DBD74 /* Sources */,
				4426183D1FE02E19003DBD74 /* Frameworks */,
				4426183E1FE02E19003DBD74 /* Resources */,
			);
			buildRules = (
			);
			dependencies = (
			);
			name = Concentration2;
			productName = Concentration2;
			productReference = 442618401FE02E19003DBD74 /* Concentration2.app */;
			productType = "com.apple.product-type.application";
		};
/* End PBXNativeTarget section */

/* Begin PBXProject section */
		442618381FE02E19003DBD74 /* Project object */ = {
			isa = PBXProject;
			attributes = {
				LastSwiftUpdateCheck = 0910;
				LastUpgradeCheck = 0910;
				ORGANIZATIONNAME = monkey_head;
				TargetAttributes = {
					4426183F1FE02E19003DBD74 = {
						CreatedOnToolsVersion = 9.1;
						ProvisioningStyle = Automatic;
					};
				};
			};
			buildConfigurationList = 4426183B1FE02E19003DBD74 /* Build configuration list for PBXProject "Concentration2" */;
			compatibilityVersion = "Xcode 8.0";
			developmentRegion = en;
			hasScannedForEncodings = 0;
			knownRegions = (
				en,
				Base,
			);
			mainGroup = 442618371FE02E19003DBD74;
			productRefGroup = 442618411FE02E19003DBD74 /* Products */;
			projectDirPath = "";
			projectRoot = "";
			targets = (
				4426183F1FE02E19003DBD74 /* Concentration2 */,
			);
		};
/* End PBXProject section */

/* Begin PBXResourcesBuildPhase section */
		4426183E1FE02E19003DBD74 /* Resources */ = {
			isa = PBXResourcesBuildPhase;
			buildActionMask = 2147483647;
			files = (
				4426184E1FE02E1A003DBD74 /* LaunchScreen.storyboard in Resources */,
				4426184B1FE02E1A003DBD74 /* Assets.xcassets in Resources */,
				442618491FE02E1A003DBD74 /* Main.storyboard in Resources */,
			);
			runOnlyForDeploymentPostprocessing = 0;
		};
/* End PBXResourcesBuildPhase section */

/* Begin PBXSourcesBuildPhase section */
		4426183C1FE02E19003DBD74 /* Sources */ = {
			isa = PBXSourcesBuildPhase;
			buildActionMask = 2147483647;
			files = (
				442618461FE02E1A003DBD74 /* ViewController.swift in Sources */,
				442618571FE187C6003DBD74 /* Card.swift in Sources */,
				442618591FE187D2003DBD74 /* Concetration.swift in Sources */,
				442618441FE02E1A003DBD74 /* AppDelegate.swift in Sources */,
			);
			runOnlyForDeploymentPostprocessing = 0;
		};
/* End PBXSourcesBuildPhase section */

/* Begin PBXVariantGroup section */
		442618471FE02E1A003DBD74 /* Main.storyboard */ = {
			isa = PBXVariantGroup;
			children = (
				442618481FE02E1A003DBD74 /* Base */,
			);
			name = Main.storyboard;
			sourceTree = "<group>";
		};
		4426184C1FE02E1A003DBD74 /* LaunchScreen.storyboard */ = {
			isa = PBXVariantGroup;
			children = (
				4426184D1FE02E1A003DBD74 /* Base */,
			);
			name = LaunchScreen.storyboard;
			sourceTree = "<group>";
		};
/* End PBXVariantGroup section */

/* Begin XCBuildConfiguration section */
		442618501FE02E1A003DBD74 /* Debug */ = {
			isa = XCBuildConfiguration;
			buildSettings = {
				ALWAYS_SEARCH_USER_PATHS = NO;
				CLANG_ANALYZER_NONNULL = YES;
				CLANG_ANALYZER_NUMBER_OBJECT_CONVERSION = YES_AGGRESSIVE;
				CLANG_CXX_LANGUAGE_STANDARD = "gnu++14";
				CLANG_CXX_LIBRARY = "libc++";
				CLANG_ENABLE_MODULES = YES;
				CLANG_ENABLE_OBJC_ARC = YES;
				CLANG_WARN_BLOCK_CAPTURE_AUTORELEASING = YES;
				CLANG_WARN_BOOL_CONVERSION = YES;
				CLANG_WARN_COMMA = YES;
				CLANG_WARN_CONSTANT_CONVERSION = YES;
				CLANG_WARN_DIRECT_OBJC_ISA_USAGE = YES_ERROR;
				CLANG_WARN_DOCUMENTATION_COMMENTS = YES;
				CLANG_WARN_EMPTY_BODY = YES;
				CLANG_WARN_ENUM_CONVERSION = YES;
				CLANG_WARN_INFINITE_RECURSION = YES;
				CLANG_WARN_INT_CONVERSION = YES;
				CLANG_WARN_NON_LITERAL_NULL_CONVERSION = YES;
				CLANG_WARN_OBJC_LITERAL_CONVERSION = YES;
				CLANG_WARN_OBJC_ROOT_CLASS = YES_ERROR;
				CLANG_WARN_RANGE_LOOP_ANALYSIS = YES;
				CLANG_WARN_STRICT_PROTOTYPES = YES;
				CLANG_WARN_SUSPICIOUS_MOVE = YES;
				CLANG_WARN_UNGUARDED_AVAILABILITY = YES_AGGRESSIVE;
				CLANG_WARN_UNREACHABLE_CODE = YES;
				CLANG_WARN__DUPLICATE_METHOD_MATCH = YES;
				CODE_SIGN_IDENTITY = "iPhone Developer";
				COPY_PHASE_STRIP = NO;
				DEBUG_INFORMATION_FORMAT = dwarf;
				ENABLE_STRICT_OBJC_MSGSEND = YES;
				ENABLE_TESTABILITY = YES;
				GCC_C_LANGUAGE_STANDARD = gnu11;
				GCC_DYNAMIC_NO_PIC = NO;
				GCC_NO_COMMON_BLOCKS = YES;
				GCC_OPTIMIZATION_LEVEL = 0;
				GCC_PREPROCESSOR_DEFINITIONS = (
					"DEBUG=1",
					"$(inherited)",
				);
				GCC_WARN_64_TO_32_BIT_CONVERSION = YES;
				GCC_WARN_ABOUT_RETURN_TYPE = YES_ERROR;
				GCC_WARN_UNDECLARED_SELECTOR = YES;
				GCC_WARN_UNINITIALIZED_AUTOS = YES_AGGRESSIVE;
				GCC_WARN_UNUSED_FUNCTION = YES;
				GCC_WARN_UNUSED_VARIABLE = YES;
				IPHONEOS_DEPLOYMENT_TARGET = 11.1;
				MTL_ENABLE_DEBUG_INFO = YES;
				ONLY_ACTIVE_ARCH = YES;
				SDKROOT = iphoneos;
				SWIFT_ACTIVE_COMPILATION_CONDITIONS = DEBUG;
				SWIFT_OPTIMIZATION_LEVEL = "-Onone";
			};
			name = Debug;
		};
		442618511FE02E1A003DBD74 /* Release */ = {
			isa = XCBuildConfiguration;
			buildSettings = {
				ALWAYS_SEARCH_USER_PATHS = NO;
				CLANG_ANALYZER_NONNULL = YES;
				CLANG_ANALYZER_NUMBER_OBJECT_CONVERSION = YES_AGGRESSIVE;
				CLANG_CXX_LANGUAGE_STANDARD = "gnu++14";
				CLANG_CXX_LIBRARY = "libc++";
				CLANG_ENABLE_MODULES = YES;
				CLANG_ENABLE_OBJC_ARC = YES;
				CLANG_WARN_BLOCK_CAPTURE_AUTORELEASING = YES;
				CLANG_WARN_BOOL_CONVERSION = YES;
				CLANG_WARN_COMMA = YES;
				CLANG_WARN_CONSTANT_CONVERSION = YES;
				CLANG_WARN_DIRECT_OBJC_ISA_USAGE = YES_ERROR;
				CLANG_WARN_DOCUMENTATION_COMMENTS = YES;
				CLANG_WARN_EMPTY_BODY = YES;
				CLANG_WARN_ENUM_CONVERSION = YES;
				CLANG_WARN_INFINITE_RECURSION = YES;
				CLANG_WARN_INT_CONVERSION = YES;
				CLANG_WARN_NON_LITERAL_NULL_CONVERSION = YES;
				CLANG_WARN_OBJC_LITERAL_CONVERSION = YES;
				CLANG_WARN_OBJC_ROOT_CLASS = YES_ERROR;
				CLANG_WARN_RANGE_LOOP_ANALYSIS = YES;
				CLANG_WARN_STRICT_PROTOTYPES = YES;
				CLANG_WARN_SUSPICIOUS_MOVE = YES;
				CLANG_WARN_UNGUARDED_AVAILABILITY = YES_AGGRESSIVE;
				CLANG_WARN_UNREACHABLE_CODE = YES;
				CLANG_WARN__DUPLICATE_METHOD_MATCH = YES;
				CODE_SIGN_IDENTITY = "iPhone Developer";
				COPY_PHASE_STRIP = NO;
				DEBUG_INFORMATION_FORMAT = "dwarf-with-dsym";
				ENABLE_NS_ASSERTIONS = NO;
				ENABLE_STRICT_OBJC_MSGSEND = YES;
				GCC_C_LANGUAGE_STANDARD = gnu11;
				GCC_NO_COMMON_BLOCKS = YES;
				GCC_WARN_64_TO_32_BIT_CONVERSION = YES;
				GCC_WARN_ABOUT_RETURN_TYPE = YES_ERROR;
				GCC_WARN_UNDECLARED_SELECTOR = YES;
				GCC_WARN_UNINITIALIZED_AUTOS = YES_AGGRESSIVE;
				GCC_WARN_UNUSED_FUNCTION = YES;
				GCC_WARN_UNUSED_VARIABLE = YES;
				IPHONEOS_DEPLOYMENT_TARGET = 11.1;
				MTL_ENABLE_DEBUG_INFO = NO;
				SDKROOT = iphoneos;
				SWIFT_OPTIMIZATION_LEVEL = "-Owholemodule";
				VALIDATE_PRODUCT = YES;
			};
			name = Release;
		};
		442618531FE02E1A003DBD74 /* Debug */ = {
			isa = XCBuildConfiguration;
			buildSettings = {
				ASSETCATALOG_COMPILER_APPICON_NAME = AppIcon;
				CODE_SIGN_STYLE = Automatic;
				DEVELOPMENT_TEAM = 3J2D748G84;
				INFOPLIST_FILE = Concentration2/Info.plist;
				LD_RUNPATH_SEARCH_PATHS = "$(inherited) @executable_path/Frameworks";
				PRODUCT_BUNDLE_IDENTIFIER = cvut.cz.ledinevg.Concentration2;
				PRODUCT_NAME = "$(TARGET_NAME)";
				SWIFT_VERSION = 4.0;
				TARGETED_DEVICE_FAMILY = "1,2";
			};
			name = Debug;
		};
		442618541FE02E1A003DBD74 /* Release */ = {
			isa = XCBuildConfiguration;
			buildSettings = {
				ASSETCATALOG_COMPILER_APPICON_NAME = AppIcon;
				CODE_SIGN_STYLE = Automatic;
				DEVELOPMENT_TEAM = 3J2D748G84;
				INFOPLIST_FILE = Concentration2/Info.plist;
				LD_RUNPATH_SEARCH_PATHS = "$(inherited) @executable_path/Frameworks";
				PRODUCT_BUNDLE_IDENTIFIER = cvut.cz.ledinevg.Concentration2;
				PRODUCT_NAME = "$(TARGET_NAME)";
				SWIFT_VERSION = 4.0;
				TARGETED_DEVICE_FAMILY = "1,2";
			};
			name = Release;
		};
/* End XCBuildConfiguration section */

/* Begin XCConfigurationList section */
		4426183B1FE02E19003DBD74 /* Build configuration list for PBXProject "Concentration2" */ = {
			isa = XCConfigurationList;
			buildConfigurations = (
				442618501FE02E1A003DBD74 /* Debug */,
				442618511FE02E1A003DBD74 /* Release */,
			);
			defaultConfigurationIsVisible = 0;
			defaultConfigurationName = Release;
		};
		442618521FE02E1A003DBD74 /* Build configuration list for PBXNativeTarget "Concentration2" */ = {
			isa = XCConfigurationList;
			buildConfigurations = (
				442618531FE02E1A003DBD74 /* Debug */,
				442618541FE02E1A003DBD74 /* Release */,
			);
			defaultConfigurationIsVisible = 0;
			defaultConfigurationName = Release;
		};
/* End XCConfigurationList section */
	};
	rootObject = 442618381FE02E19003DBD74 /* Project object */;
}
